{
	"name": "magicmirror-fonts",
	"version": "1.0.0",
	"lockfileVersion": 3,
	"requires": true,
	"packages": {
		"": {
			"name": "magicmirror-fonts",
			"version": "1.0.0",
			"license": "MIT",
			"dependencies": {
				"@fontsource/roboto": "^5.0.14",
				"@fontsource/roboto-condensed": "^5.0.17"
			}
		},
		"node_modules/@fontsource/roboto": {
			"version": "5.0.14",
			"resolved": "https://registry.npmjs.org/@fontsource/roboto/-/roboto-5.0.14.tgz",
			"integrity": "sha512-zHAxlTTm9RuRn9/StwclFJChf3z9+fBrOxC3fw71htjHP1BgXNISwRjdJtAKAmMe5S2BzgpnjkQR93P9EZYI/Q==",
			"license": "Apache-2.0"
		},
		"node_modules/@fontsource/roboto-condensed": {
			"version": "5.0.17",
			"resolved": "https://registry.npmjs.org/@fontsource/roboto-condensed/-/roboto-condensed-5.0.17.tgz",
			"integrity": "sha512-rLsnIPjYP8Csa7o0nCDDPW6xC+kWnlM7iYbZmqxEfuI9LzA2z7jQnHVhOuivuwMyE+snmzxQfWhFUoY+SfbU0A==",
			"license": "OFL-1.1"
		}
	}
}
