{
	"name": "magicmirror-fonts",
	"version": "1.0.0",
	"lockfileVersion": 3,
	"requires": true,
	"packages": {
		"": {
			"name": "magicmirror-fonts",
			"version": "1.0.0",
			"license": "MIT",
			"dependencies": {
				"@fontsource/roboto": "^5.1.1",
				"@fontsource/roboto-condensed": "^5.1.1"
			}
		},
		"node_modules/@fontsource/roboto": {
			"version": "5.1.1",
			"resolved": "https://registry.npmjs.org/@fontsource/roboto/-/roboto-5.1.1.tgz",
			"integrity": "sha512-XwVVXtERDQIM7HPUIbyDe0FP4SRovpjF7zMI8M7pbqFp3ahLJsJTd18h+E6pkar6UbV3btbwkKjYARr5M+SQow=="
		},
		"node_modules/@fontsource/roboto-condensed": {
			"version": "5.1.1",
			"resolved": "https://registry.npmjs.org/@fontsource/roboto-condensed/-/roboto-condensed-5.1.1.tgz",
			"integrity": "sha512-0SYkGnWPsvyCI3TAqBYAglfVUqVu/fsdgsyl5u396oK8ZgyamWHdQMFHDqCWrb4H4hNiewJT1l2ShDCA/cu6Ug=="
		}
	}
}
